
Microsoft Visual Studio Solution File, Format Version 12.00
# Visual Studio Version 17
VisualStudioVersion = 17.7.34031.279
MinimumVisualStudioVersion = 10.0.40219.1
Project("{FAE04EC0-301F-11D3-BF4B-00C04F79EFBC}") = "LabForms6", "LabForms6\LabForms6.csproj", "{56DA0825-A63C-4BEB-8F2E-F51988FDA28A}"
EndProject
Global
	GlobalSection(SolutionConfigurationPlatforms) = preSolution
		Debug|Any CPU = Debug|Any CPU
		Release|Any CPU = Release|Any CPU
	EndGlobalSection
	GlobalSection(ProjectConfigurationPlatforms) = postSolution
		{56DA0825-A63C-4BEB-8F2E-F51988FDA28A}.Debug|Any CPU.ActiveCfg = Debug|Any CPU
		{56DA0825-A63C-4BEB-8F2E-F51988FDA28A}.Debug|Any CPU.Build.0 = Debug|Any CPU
		{56DA0825-A63C-4BEB-8F2E-F51988FDA28A}.Release|Any CPU.ActiveCfg = Release|Any CPU
		{56DA0825-A63C-4BEB-8F2E-F51988FDA28A}.Release|Any CPU.Build.0 = Release|Any CPU
	EndGlobalSection
	GlobalSection(SolutionProperties) = preSolution
		HideSolutionNode = FALSE
	EndGlobalSection
	GlobalSection(ExtensibilityGlobals) = postSolution
		SolutionGuid = {FACB67E3-3E1E-439C-8C4B-5EF691142976}
	EndGlobalSection
EndGlobal
